<?xml version="1.0" encoding="utf-8"?>
<Project ToolsVersion="4.0" xmlns="http://schemas.microsoft.com/developer/msbuild/2003">
  <ItemGroup>
    <Filter Include="Source Files">
      <UniqueIdentifier>{4FC737F1-C7A5-4376-A066-2A32D752A2FF}</UniqueIdentifier>
      <Extensions>cpp;c;cc;cxx;c++;cppm;ixx;def;odl;idl;hpj;bat;asm;asmx</Extensions>
    </Filter>
    <Filter Include="Header Files">
      <UniqueIdentifier>{93995380-89BD-4b04-88EB-625FBE52EBFB}</UniqueIdentifier>
      <Extensions>h;hh;hpp;hxx;h++;hm;inl;inc;ipp;xsd</Extensions>
    </Filter>
    <Filter Include="Resource Files">
      <UniqueIdentifier>{67DA6AB6-F800-4c08-8B7A-83BB121AAD01}</UniqueIdentifier>
      <Extensions>rc;ico;cur;bmp;dlg;rc2;rct;bin;rgs;gif;jpg;jpeg;jpe;resx;tiff;tif;png;wav;mfcribbon-ms</Extensions>
    </Filter>
    <Filter Include="Include Files">
      <UniqueIdentifier>{4681f250-6d2f-4b9e-b70a-d8142d6b5f4e}</UniqueIdentifier>
      <Extensions>cpp;c;cc;cxx;c++;cppm;ixx;def;odl;idl;hpj;bat;asm;asmx</Extensions>
    </Filter>
    <Filter Include="Source Files\imgui">
      <UniqueIdentifier>{ed43ebdd-f459-4b10-be9c-ea4077fd07b7}</UniqueIdentifier>
    </Filter>
    <Filter Include="Header Files\Voxel">
      <UniqueIdentifier>{6285033b-f40f-4faf-9b11-349aa5759527}</UniqueIdentifier>
    </Filter>
    <Filter Include="Source Files\Voxel">
      <UniqueIdentifier>{b44289ff-000d-490a-ac0b-a8743ebb15b5}</UniqueIdentifier>
    </Filter>
    <Filter Include="Header Files\Libs">
      <UniqueIdentifier>{8328d4b1-ba05-4b27-84a9-76454110654e}</UniqueIdentifier>
    </Filter>
    <Filter Include="Source Files\Engine">
      <UniqueIdentifier>{5b3cb61d-44f6-4e62-9e94-0ce21967ea1a}</UniqueIdentifier>
    </Filter>
    <Filter Include="Source Files\Engine\Renderer">
      <UniqueIdentifier>{af4cf47c-cceb-4e9d-922d-bd766df56443}</UniqueIdentifier>
    </Filter>
    <Filter Include="Header Files\Engine">
      <UniqueIdentifier>{57007a21-8356-42b1-b10c-72deec702150}</UniqueIdentifier>
    </Filter>
    <Filter Include="Header Files\Engine\Renderer">
      <UniqueIdentifier>{9c5f7b7c-7312-4eb6-9e2c-cf1b9a6a3590}</UniqueIdentifier>
    </Filter>
    <Filter Include="Resource Files\shaders">
      <UniqueIdentifier>{00d6eedb-959e-4703-ab76-95ae4496b324}</UniqueIdentifier>
    </Filter>
  </ItemGroup>
  <ItemGroup>
    <ClCompile Include="bug-free-garbanzo.cpp">
      <Filter>Source Files</Filter>
    </ClCompile>
    <ClCompile Include="Game.cpp">
      <Filter>Source Files</Filter>
    </ClCompile>
    <ClCompile Include="..\dependances\glad.c">
      <Filter>Include Files</Filter>
    </ClCompile>
    <ClCompile Include="Debug.cpp">
      <Filter>Source Files</Filter>
    </ClCompile>
    <ClCompile Include="..\dependances\include\imgui\imgui.cpp">
      <Filter>Source Files\imgui</Filter>
    </ClCompile>
    <ClCompile Include="..\dependances\include\imgui\imgui_demo.cpp">
      <Filter>Source Files\imgui</Filter>
    </ClCompile>
    <ClCompile Include="..\dependances\include\imgui\imgui_draw.cpp">
      <Filter>Source Files\imgui</Filter>
    </ClCompile>
    <ClCompile Include="..\dependances\include\imgui\imgui_impl_glfw.cpp">
      <Filter>Source Files\imgui</Filter>
    </ClCompile>
    <ClCompile Include="..\dependances\include\imgui\imgui_impl_opengl3.cpp">
      <Filter>Source Files\imgui</Filter>
    </ClCompile>
    <ClCompile Include="..\dependances\include\imgui\imgui_tables.cpp">
      <Filter>Source Files\imgui</Filter>
    </ClCompile>
    <ClCompile Include="..\dependances\include\imgui\imgui_widgets.cpp">
      <Filter>Source Files\imgui</Filter>
    </ClCompile>
    <ClCompile Include="Renderer.cpp">
      <Filter>Source Files\Engine\Renderer</Filter>
    </ClCompile>
    <ClCompile Include="Shader.cpp">
      <Filter>Source Files\Engine\Renderer</Filter>
    </ClCompile>
    <ClCompile Include="Camera.cpp">
      <Filter>Source Files\Engine\Renderer</Filter>
    </ClCompile>
    <ClCompile Include="VoxelManager.cpp">
      <Filter>Source Files\Voxel</Filter>
    </ClCompile>
    <ClCompile Include="Buffers.cpp">
      <Filter>Source Files\Engine\Renderer</Filter>
    </ClCompile>
    <ClCompile Include="Input.cpp">
      <Filter>Source Files\Engine</Filter>
    </ClCompile>
    <ClCompile Include="SystemHelper.cpp">
      <Filter>Source Files\Engine</Filter>
    </ClCompile>
  </ItemGroup>
  <ItemGroup>
    <ClInclude Include="Game.h">
      <Filter>Header Files</Filter>
    </ClInclude>
    <ClInclude Include="Debug.h">
      <Filter>Header Files</Filter>
    </ClInclude>
    <ClInclude Include="Renderer.h">
      <Filter>Header Files\Engine\Renderer</Filter>
    </ClInclude>
    <ClInclude Include="Shader.h">
      <Filter>Header Files\Engine\Renderer</Filter>
    </ClInclude>
    <ClInclude Include="Camera.h">
      <Filter>Header Files\Engine\Renderer</Filter>
    </ClInclude>
    <ClInclude Include="VoxelManager.h">
      <Filter>Header Files\Voxel</Filter>
    </ClInclude>
    <ClInclude Include="SafeQueue.h">
      <Filter>Header Files\Libs</Filter>
    </ClInclude>
    <ClInclude Include="Buffers.h">
      <Filter>Header Files\Engine\Renderer</Filter>
    </ClInclude>
    <ClInclude Include="Input.h">
      <Filter>Header Files\Engine</Filter>
    </ClInclude>
    <ClInclude Include="Engine.h">
      <Filter>Header Files\Engine</Filter>
    </ClInclude>
    <ClInclude Include="SystemHelper.h">
      <Filter>Header Files\Engine</Filter>
    </ClInclude>
  </ItemGroup>
  <ItemGroup>
    <None Include="..\x64\Editor\shaders\chunkshader_f.glsl">
      <Filter>Resource Files\shaders</Filter>
    </None>
    <None Include="..\x64\Editor\shaders\chunkshader_v.glsl">
      <Filter>Resource Files\shaders</Filter>
    </None>
  </ItemGroup>
</Project>